// !$*UTF8*$!
{
	archiveVersion = 1;
	classes = {
	};
	objectVersion = 55;
	objects = {

/* Begin PBXBuildFile section */
		68201D01286EEF86005DFD48 /* SearchRssView.swift in Sources */ = {isa = PBXBuildFile; fileRef = 68201D00286EEF86005DFD48 /* SearchRssView.swift */; };
		68201D03286EF090005DFD48 /* SearchRssListRowView.swift in Sources */ = {isa = PBXBuildFile; fileRef = 68201D02286EF090005DFD48 /* SearchRssListRowView.swift */; };
		68201D05286EF54D005DFD48 /* RssList.plist in Resources */ = {isa = PBXBuildFile; fileRef = 68201D04286EF54D005DFD48 /* RssList.plist */; };
		68201D0728700F7A005DFD48 /* WebSite.swift in Sources */ = {isa = PBXBuildFile; fileRef = 68201D0628700F7A005DFD48 /* WebSite.swift */; };
		68201D0B28701277005DFD48 /* UrlImageViewModel.swift in Sources */ = {isa = PBXBuildFile; fileRef = 68201D0A28701277005DFD48 /* UrlImageViewModel.swift */; };
		68201D0D287013C9005DFD48 /* UrlImageView.swift in Sources */ = {isa = PBXBuildFile; fileRef = 68201D0C287013C9005DFD48 /* UrlImageView.swift */; };
		682C2C9228649D5E00F0E9F6 /* RSS_FeederApp.swift in Sources */ = {isa = PBXBuildFile; fileRef = 682C2C9128649D5E00F0E9F6 /* RSS_FeederApp.swift */; };
		682C2C9428649D5E00F0E9F6 /* ContentView.swift in Sources */ = {isa = PBXBuildFile; fileRef = 682C2C9328649D5E00F0E9F6 /* ContentView.swift */; };
		682C2C9628649D6000F0E9F6 /* Assets.xcassets in Resources */ = {isa = PBXBuildFile; fileRef = 682C2C9528649D6000F0E9F6 /* Assets.xcassets */; };
		682C2C9928649D6000F0E9F6 /* Preview Assets.xcassets in Resources */ = {isa = PBXBuildFile; fileRef = 682C2C9828649D6000F0E9F6 /* Preview Assets.xcassets */; };
		682C2C9B28649D6000F0E9F6 /* Persistence.swift in Sources */ = {isa = PBXBuildFile; fileRef = 682C2C9A28649D6000F0E9F6 /* Persistence.swift */; };
		682C2C9E28649D6000F0E9F6 /* RSS_Feeder.xcdatamodeld in Sources */ = {isa = PBXBuildFile; fileRef = 682C2C9C28649D6000F0E9F6 /* RSS_Feeder.xcdatamodeld */; };
		682C2CA828649D6100F0E9F6 /* RSS_FeederTests.swift in Sources */ = {isa = PBXBuildFile; fileRef = 682C2CA728649D6100F0E9F6 /* RSS_FeederTests.swift */; };
		682C2CB228649D6100F0E9F6 /* RSS_FeederUITests.swift in Sources */ = {isa = PBXBuildFile; fileRef = 682C2CB128649D6100F0E9F6 /* RSS_FeederUITests.swift */; };
		682C2CB428649D6100F0E9F6 /* RSS_FeederUITestsLaunchTests.swift in Sources */ = {isa = PBXBuildFile; fileRef = 682C2CB328649D6100F0E9F6 /* RSS_FeederUITestsLaunchTests.swift */; };
		682C2CC128649D8A00F0E9F6 /* Rss.swift in Sources */ = {isa = PBXBuildFile; fileRef = 682C2CC028649D8A00F0E9F6 /* Rss.swift */; };
		682C2CC528649EE200F0E9F6 /* ListRowView.swift in Sources */ = {isa = PBXBuildFile; fileRef = 682C2CC428649EE200F0E9F6 /* ListRowView.swift */; };
		685ED6B8286B378900326C39 /* RssStore.swift in Sources */ = {isa = PBXBuildFile; fileRef = 685ED6B7286B378900326C39 /* RssStore.swift */; };
		68D58C3C28794E9000ADDCB0 /* Bookmark.xcdatamodeld in Sources */ = {isa = PBXBuildFile; fileRef = 68D58C3A28794E9000ADDCB0 /* Bookmark.xcdatamodeld */; };
		68D9D2DB288B93660091897C /* FeederView.swift in Sources */ = {isa = PBXBuildFile; fileRef = 68D9D2DA288B93660091897C /* FeederView.swift */; };
		68D9D2DD288D2EC40091897C /* Categories.plist in Resources */ = {isa = PBXBuildFile; fileRef = 68D9D2DC288D2EC40091897C /* Categories.plist */; };
		68D9D2DF288D824D0091897C /* CategoryView.swift in Sources */ = {isa = PBXBuildFile; fileRef = 68D9D2DE288D824D0091897C /* CategoryView.swift */; };
		68D9D2E2288D827D0091897C /* CardView.swift in Sources */ = {isa = PBXBuildFile; fileRef = 68D9D2E1288D827D0091897C /* CardView.swift */; };
		68D9D2E4288D82910091897C /* Category.swift in Sources */ = {isa = PBXBuildFile; fileRef = 68D9D2E3288D82910091897C /* Category.swift */; };
		68D9D6642873190E004E1FC2 /* WebSiteViewModel.swift in Sources */ = {isa = PBXBuildFile; fileRef = 68D9D6632873190E004E1FC2 /* WebSiteViewModel.swift */; };
		68F6DE862882ADB100DA8432 /* DetailView.swift in Sources */ = {isa = PBXBuildFile; fileRef = 68F6DE852882ADB100DA8432 /* DetailView.swift */; };
/* End PBXBuildFile section */

/* Begin PBXContainerItemProxy section */
		682C2CA428649D6100F0E9F6 /* PBXContainerItemProxy */ = {
			isa = PBXContainerItemProxy;
			containerPortal = 682C2C8628649D5E00F0E9F6 /* Project object */;
			proxyType = 1;
			remoteGlobalIDString = 682C2C8D28649D5E00F0E9F6;
			remoteInfo = "RSS Feeder";
		};
		682C2CAE28649D6100F0E9F6 /* PBXContainerItemProxy */ = {
			isa = PBXContainerItemProxy;
			containerPortal = 682C2C8628649D5E00F0E9F6 /* Project object */;
			proxyType = 1;
			remoteGlobalIDString = 682C2C8D28649D5E00F0E9F6;
			remoteInfo = "RSS Feeder";
		};
/* End PBXContainerItemProxy section */

/* Begin PBXFileReference section */
		68201D00286EEF86005DFD48 /* SearchRssView.swift */ = {isa = PBXFileReference; lastKnownFileType = sourcecode.swift; path = SearchRssView.swift; sourceTree = "<group>"; };
		68201D02286EF090005DFD48 /* SearchRssListRowView.swift */ = {isa = PBXFileReference; lastKnownFileType = sourcecode.swift; path = SearchRssListRowView.swift; sourceTree = "<group>"; };
		68201D04286EF54D005DFD48 /* RssList.plist */ = {isa = PBXFileReference; lastKnownFileType = text.plist.xml; path = RssList.plist; sourceTree = "<group>"; };
		68201D0628700F7A005DFD48 /* WebSite.swift */ = {isa = PBXFileReference; lastKnownFileType = sourcecode.swift; path = WebSite.swift; sourceTree = "<group>"; };
		68201D0A28701277005DFD48 /* UrlImageViewModel.swift */ = {isa = PBXFileReference; lastKnownFileType = sourcecode.swift; path = UrlImageViewModel.swift; sourceTree = "<group>"; };
		68201D0C287013C9005DFD48 /* UrlImageView.swift */ = {isa = PBXFileReference; lastKnownFileType = sourcecode.swift; path = UrlImageView.swift; sourceTree = "<group>"; };
		682C2C8E28649D5E00F0E9F6 /* RSS Feeder.app */ = {isa = PBXFileReference; explicitFileType = wrapper.application; includeInIndex = 0; path = "RSS Feeder.app"; sourceTree = BUILT_PRODUCTS_DIR; };
		682C2C9128649D5E00F0E9F6 /* RSS_FeederApp.swift */ = {isa = PBXFileReference; lastKnownFileType = sourcecode.swift; path = RSS_FeederApp.swift; sourceTree = "<group>"; };
		682C2C9328649D5E00F0E9F6 /* ContentView.swift */ = {isa = PBXFileReference; lastKnownFileType = sourcecode.swift; path = ContentView.swift; sourceTree = "<group>"; };
		682C2C9528649D6000F0E9F6 /* Assets.xcassets */ = {isa = PBXFileReference; lastKnownFileType = folder.assetcatalog; path = Assets.xcassets; sourceTree = "<group>"; };
		682C2C9828649D6000F0E9F6 /* Preview Assets.xcassets */ = {isa = PBXFileReference; lastKnownFileType = folder.assetcatalog; path = "Preview Assets.xcassets"; sourceTree = "<group>"; };
		682C2C9A28649D6000F0E9F6 /* Persistence.swift */ = {isa = PBXFileReference; lastKnownFileType = sourcecode.swift; path = Persistence.swift; sourceTree = "<group>"; };
		682C2C9D28649D6000F0E9F6 /* RSS_Feeder.xcdatamodel */ = {isa = PBXFileReference; lastKnownFileType = wrapper.xcdatamodel; path = RSS_Feeder.xcdatamodel; sourceTree = "<group>"; };
		682C2CA328649D6100F0E9F6 /* RSS FeederTests.xctest */ = {isa = PBXFileReference; explicitFileType = wrapper.cfbundle; includeInIndex = 0; path = "RSS FeederTests.xctest"; sourceTree = BUILT_PRODUCTS_DIR; };
		682C2CA728649D6100F0E9F6 /* RSS_FeederTests.swift */ = {isa = PBXFileReference; lastKnownFileType = sourcecode.swift; path = RSS_FeederTests.swift; sourceTree = "<group>"; };
		682C2CAD28649D6100F0E9F6 /* RSS FeederUITests.xctest */ = {isa = PBXFileReference; explicitFileType = wrapper.cfbundle; includeInIndex = 0; path = "RSS FeederUITests.xctest"; sourceTree = BUILT_PRODUCTS_DIR; };
		682C2CB128649D6100F0E9F6 /* RSS_FeederUITests.swift */ = {isa = PBXFileReference; lastKnownFileType = sourcecode.swift; path = RSS_FeederUITests.swift; sourceTree = "<group>"; };
		682C2CB328649D6100F0E9F6 /* RSS_FeederUITestsLaunchTests.swift */ = {isa = PBXFileReference; lastKnownFileType = sourcecode.swift; path = RSS_FeederUITestsLaunchTests.swift; sourceTree = "<group>"; };
		682C2CC028649D8A00F0E9F6 /* Rss.swift */ = {isa = PBXFileReference; lastKnownFileType = sourcecode.swift; path = Rss.swift; sourceTree = "<group>"; };
		682C2CC428649EE200F0E9F6 /* ListRowView.swift */ = {isa = PBXFileReference; lastKnownFileType = sourcecode.swift; path = ListRowView.swift; sourceTree = "<group>"; };
		685ED6B7286B378900326C39 /* RssStore.swift */ = {isa = PBXFileReference; lastKnownFileType = sourcecode.swift; path = RssStore.swift; sourceTree = "<group>"; };
		68D58C3B28794E9000ADDCB0 /* Bookmark.xcdatamodel */ = {isa = PBXFileReference; lastKnownFileType = wrapper.xcdatamodel; path = Bookmark.xcdatamodel; sourceTree = "<group>"; };
		68D9D2DA288B93660091897C /* FeederView.swift */ = {isa = PBXFileReference; lastKnownFileType = sourcecode.swift; path = FeederView.swift; sourceTree = "<group>"; };
		68D9D2DC288D2EC40091897C /* Categories.plist */ = {isa = PBXFileReference; lastKnownFileType = text.plist.xml; path = Categories.plist; sourceTree = "<group>"; };
		68D9D2DE288D824D0091897C /* CategoryView.swift */ = {isa = PBXFileReference; lastKnownFileType = sourcecode.swift; path = CategoryView.swift; sourceTree = "<group>"; };
		68D9D2E1288D827D0091897C /* CardView.swift */ = {isa = PBXFileReference; lastKnownFileType = sourcecode.swift; path = CardView.swift; sourceTree = "<group>"; };
		68D9D2E3288D82910091897C /* Category.swift */ = {isa = PBXFileReference; lastKnownFileType = sourcecode.swift; path = Category.swift; sourceTree = "<group>"; };
		68D9D6632873190E004E1FC2 /* WebSiteViewModel.swift */ = {isa = PBXFileReference; lastKnownFileType = sourcecode.swift; path = WebSiteViewModel.swift; sourceTree = "<group>"; };
		68F6DE852882ADB100DA8432 /* DetailView.swift */ = {isa = PBXFileReference; lastKnownFileType = sourcecode.swift; path = DetailView.swift; sourceTree = "<group>"; };
/* End PBXFileReference section */

/* Begin PBXFrameworksBuildPhase section */
		682C2C8B28649D5E00F0E9F6 /* Frameworks */ = {
			isa = PBXFrameworksBuildPhase;
			buildActionMask = 2147483647;
			files = (
			);
			runOnlyForDeploymentPostprocessing = 0;
		};
		682C2CA028649D6100F0E9F6 /* Frameworks */ = {
			isa = PBXFrameworksBuildPhase;
			buildActionMask = 2147483647;
			files = (
			);
			runOnlyForDeploymentPostprocessing = 0;
		};
		682C2CAA28649D6100F0E9F6 /* Frameworks */ = {
			isa = PBXFrameworksBuildPhase;
			buildActionMask = 2147483647;
			files = (
			);
			runOnlyForDeploymentPostprocessing = 0;
		};
/* End PBXFrameworksBuildPhase section */

/* Begin PBXGroup section */
		68201CFF286EEF46005DFD48 /* MyList */ = {
			isa = PBXGroup;
			children = (
				68201D00286EEF86005DFD48 /* SearchRssView.swift */,
				68201D02286EF090005DFD48 /* SearchRssListRowView.swift */,
			);
			path = MyList;
			sourceTree = "<group>";
		};
		68201D082870122D005DFD48 /* Utility */ = {
			isa = PBXGroup;
			children = (
				68201D0C287013C9005DFD48 /* UrlImageView.swift */,
			);
			path = Utility;
			sourceTree = "<group>";
		};
		68201D092870125A005DFD48 /* ViewModel */ = {
			isa = PBXGroup;
			children = (
				68201D0A28701277005DFD48 /* UrlImageViewModel.swift */,
				68D9D6632873190E004E1FC2 /* WebSiteViewModel.swift */,
			);
			path = ViewModel;
			sourceTree = "<group>";
		};
		682C2C8528649D5E00F0E9F6 = {
			isa = PBXGroup;
			children = (
				682C2C9028649D5E00F0E9F6 /* RSS Feeder */,
				682C2CA628649D6100F0E9F6 /* RSS FeederTests */,
				682C2CB028649D6100F0E9F6 /* RSS FeederUITests */,
				682C2C8F28649D5E00F0E9F6 /* Products */,
			);
			sourceTree = "<group>";
		};
		682C2C8F28649D5E00F0E9F6 /* Products */ = {
			isa = PBXGroup;
			children = (
				682C2C8E28649D5E00F0E9F6 /* RSS Feeder.app */,
				682C2CA328649D6100F0E9F6 /* RSS FeederTests.xctest */,
				682C2CAD28649D6100F0E9F6 /* RSS FeederUITests.xctest */,
			);
			name = Products;
			sourceTree = "<group>";
		};
		682C2C9028649D5E00F0E9F6 /* RSS Feeder */ = {
			isa = PBXGroup;
			children = (
				68201D092870125A005DFD48 /* ViewModel */,
				682C2CC328649E2400F0E9F6 /* Model */,
				682C2CC228649E1400F0E9F6 /* View */,
				682C2C9128649D5E00F0E9F6 /* RSS_FeederApp.swift */,
				682C2C9528649D6000F0E9F6 /* Assets.xcassets */,
				682C2C9A28649D6000F0E9F6 /* Persistence.swift */,
				682C2C9C28649D6000F0E9F6 /* RSS_Feeder.xcdatamodeld */,
				682C2C9728649D6000F0E9F6 /* Preview Content */,
				68201D04286EF54D005DFD48 /* RssList.plist */,
				68D9D2DC288D2EC40091897C /* Categories.plist */,
				68D58C3A28794E9000ADDCB0 /* Bookmark.xcdatamodeld */,
			);
			path = "RSS Feeder";
			sourceTree = "<group>";
		};
		682C2C9728649D6000F0E9F6 /* Preview Content */ = {
			isa = PBXGroup;
			children = (
				682C2C9828649D6000F0E9F6 /* Preview Assets.xcassets */,
			);
			path = "Preview Content";
			sourceTree = "<group>";
		};
		682C2CA628649D6100F0E9F6 /* RSS FeederTests */ = {
			isa = PBXGroup;
			children = (
				682C2CA728649D6100F0E9F6 /* RSS_FeederTests.swift */,
			);
			path = "RSS FeederTests";
			sourceTree = "<group>";
		};
		682C2CB028649D6100F0E9F6 /* RSS FeederUITests */ = {
			isa = PBXGroup;
			children = (
				682C2CB128649D6100F0E9F6 /* RSS_FeederUITests.swift */,
				682C2CB328649D6100F0E9F6 /* RSS_FeederUITestsLaunchTests.swift */,
			);
			path = "RSS FeederUITests";
			sourceTree = "<group>";
		};
		682C2CC228649E1400F0E9F6 /* View */ = {
			isa = PBXGroup;
			children = (
				68D9D2E0288D82620091897C /* CategoryView */,
				68D9D2D5288B91120091897C /* TabView */,
				68201D082870122D005DFD48 /* Utility */,
				68201CFF286EEF46005DFD48 /* MyList */,
				682C2CC428649EE200F0E9F6 /* ListRowView.swift */,
				68F6DE852882ADB100DA8432 /* DetailView.swift */,
				68D9D2DA288B93660091897C /* FeederView.swift */,
				68D9D2DE288D824D0091897C /* CategoryView.swift */,
			);
			path = View;
			sourceTree = "<group>";
		};
		682C2CC328649E2400F0E9F6 /* Model */ = {
			isa = PBXGroup;
			children = (
				682C2CC028649D8A00F0E9F6 /* Rss.swift */,
				685ED6B7286B378900326C39 /* RssStore.swift */,
				68201D0628700F7A005DFD48 /* WebSite.swift */,
				68D9D2E3288D82910091897C /* Category.swift */,
			);
			path = Model;
			sourceTree = "<group>";
		};
		68D9D2D5288B91120091897C /* TabView */ = {
			isa = PBXGroup;
			children = (
			);
			path = TabView;
			sourceTree = "<group>";
		};
		68D9D2E0288D82620091897C /* CategoryView */ = {
			isa = PBXGroup;
			children = (
				682C2C9328649D5E00F0E9F6 /* ContentView.swift */,
				68D9D2E1288D827D0091897C /* CardView.swift */,
			);
			path = CategoryView;
			sourceTree = "<group>";
		};
/* End PBXGroup section */

/* Begin PBXNativeTarget section */
		682C2C8D28649D5E00F0E9F6 /* RSS Feeder */ = {
			isa = PBXNativeTarget;
			buildConfigurationList = 682C2CB728649D6100F0E9F6 /* Build configuration list for PBXNativeTarget "RSS Feeder" */;
			buildPhases = (
				682C2C8A28649D5E00F0E9F6 /* Sources */,
				682C2C8B28649D5E00F0E9F6 /* Frameworks */,
				682C2C8C28649D5E00F0E9F6 /* Resources */,
			);
			buildRules = (
			);
			dependencies = (
			);
			name = "RSS Feeder";
			productName = "RSS Feeder";
			productReference = 682C2C8E28649D5E00F0E9F6 /* RSS Feeder.app */;
			productType = "com.apple.product-type.application";
		};
		682C2CA228649D6100F0E9F6 /* RSS FeederTests */ = {
			isa = PBXNativeTarget;
			buildConfigurationList = 682C2CBA28649D6100F0E9F6 /* Build configuration list for PBXNativeTarget "RSS FeederTests" */;
			buildPhases = (
				682C2C9F28649D6100F0E9F6 /* Sources */,
				682C2CA028649D6100F0E9F6 /* Frameworks */,
				682C2CA128649D6100F0E9F6 /* Resources */,
			);
			buildRules = (
			);
			dependencies = (
				682C2CA528649D6100F0E9F6 /* PBXTargetDependency */,
			);
			name = "RSS FeederTests";
			productName = "RSS FeederTests";
			productReference = 682C2CA328649D6100F0E9F6 /* RSS FeederTests.xctest */;
			productType = "com.apple.product-type.bundle.unit-test";
		};
		682C2CAC28649D6100F0E9F6 /* RSS FeederUITests */ = {
			isa = PBXNativeTarget;
			buildConfigurationList = 682C2CBD28649D6100F0E9F6 /* Build configuration list for PBXNativeTarget "RSS FeederUITests" */;
			buildPhases = (
				682C2CA928649D6100F0E9F6 /* Sources */,
				682C2CAA28649D6100F0E9F6 /* Frameworks */,
				682C2CAB28649D6100F0E9F6 /* Resources */,
			);
			buildRules = (
			);
			dependencies = (
				682C2CAF28649D6100F0E9F6 /* PBXTargetDependency */,
			);
			name = "RSS FeederUITests";
			productName = "RSS FeederUITests";
			productReference = 682C2CAD28649D6100F0E9F6 /* RSS FeederUITests.xctest */;
			productType = "com.apple.product-type.bundle.ui-testing";
		};
/* End PBXNativeTarget section */

/* Begin PBXProject section */
		682C2C8628649D5E00F0E9F6 /* Project object */ = {
			isa = PBXProject;
			attributes = {
				BuildIndependentTargetsInParallel = 1;
				LastSwiftUpdateCheck = 1340;
				LastUpgradeCheck = 1340;
				TargetAttributes = {
					682C2C8D28649D5E00F0E9F6 = {
						CreatedOnToolsVersion = 13.4.1;
					};
					682C2CA228649D6100F0E9F6 = {
						CreatedOnToolsVersion = 13.4.1;
						TestTargetID = 682C2C8D28649D5E00F0E9F6;
					};
					682C2CAC28649D6100F0E9F6 = {
						CreatedOnToolsVersion = 13.4.1;
						TestTargetID = 682C2C8D28649D5E00F0E9F6;
					};
				};
			};
			buildConfigurationList = 682C2C8928649D5E00F0E9F6 /* Build configuration list for PBXProject "RSS Feeder" */;
			compatibilityVersion = "Xcode 13.0";
			developmentRegion = en;
			hasScannedForEncodings = 0;
			knownRegions = (
				en,
				Base,
			);
			mainGroup = 682C2C8528649D5E00F0E9F6;
			productRefGroup = 682C2C8F28649D5E00F0E9F6 /* Products */;
			projectDirPath = "";
			projectRoot = "";
			targets = (
				682C2C8D28649D5E00F0E9F6 /* RSS Feeder */,
				682C2CA228649D6100F0E9F6 /* RSS FeederTests */,
				682C2CAC28649D6100F0E9F6 /* RSS FeederUITests */,
			);
		};
/* End PBXProject section */

/* Begin PBXResourcesBuildPhase section */
		682C2C8C28649D5E00F0E9F6 /* Resources */ = {
			isa = PBXResourcesBuildPhase;
			buildActionMask = 2147483647;
			files = (
				68D9D2DD288D2EC40091897C /* Categories.plist in Resources */,
				682C2C9928649D6000F0E9F6 /* Preview Assets.xcassets in Resources */,
				682C2C9628649D6000F0E9F6 /* Assets.xcassets in Resources */,
				68201D05286EF54D005DFD48 /* RssList.plist in Resources */,
			);
			runOnlyForDeploymentPostprocessing = 0;
		};
		682C2CA128649D6100F0E9F6 /* Resources */ = {
			isa = PBXResourcesBuildPhase;
			buildActionMask = 2147483647;
			files = (
			);
			runOnlyForDeploymentPostprocessing = 0;
		};
		682C2CAB28649D6100F0E9F6 /* Resources */ = {
			isa = PBXResourcesBuildPhase;
			buildActionMask = 2147483647;
			files = (
			);
			runOnlyForDeploymentPostprocessing = 0;
		};
/* End PBXResourcesBuildPhase section */

/* Begin PBXSourcesBuildPhase section */
		682C2C8A28649D5E00F0E9F6 /* Sources */ = {
			isa = PBXSourcesBuildPhase;
			buildActionMask = 2147483647;
			files = (
				682C2C9B28649D6000F0E9F6 /* Persistence.swift in Sources */,
				68D9D2DF288D824D0091897C /* CategoryView.swift in Sources */,
				68D9D2E4288D82910091897C /* Category.swift in Sources */,
				68D9D2DB288B93660091897C /* FeederView.swift in Sources */,
				68201D0B28701277005DFD48 /* UrlImageViewModel.swift in Sources */,
				68201D0D287013C9005DFD48 /* UrlImageView.swift in Sources */,
				682C2C9E28649D6000F0E9F6 /* RSS_Feeder.xcdatamodeld in Sources */,
				68201D03286EF090005DFD48 /* SearchRssListRowView.swift in Sources */,
				685ED6B8286B378900326C39 /* RssStore.swift in Sources */,
				682C2C9428649D5E00F0E9F6 /* ContentView.swift in Sources */,
				68D58C3C28794E9000ADDCB0 /* Bookmark.xcdatamodeld in Sources */,
				68D9D2E2288D827D0091897C /* CardView.swift in Sources */,
				68201D0728700F7A005DFD48 /* WebSite.swift in Sources */,
				682C2C9228649D5E00F0E9F6 /* RSS_FeederApp.swift in Sources */,
				682C2CC128649D8A00F0E9F6 /* Rss.swift in Sources */,
				68D9D6642873190E004E1FC2 /* WebSiteViewModel.swift in Sources */,
				682C2CC528649EE200F0E9F6 /* ListRowView.swift in Sources */,
				68F6DE862882ADB100DA8432 /* DetailView.swift in Sources */,
				68201D01286EEF86005DFD48 /* SearchRssView.swift in Sources */,
			);
			runOnlyForDeploymentPostprocessing = 0;
		};
		682C2C9F28649D6100F0E9F6 /* Sources */ = {
			isa = PBXSourcesBuildPhase;
			buildActionMask = 2147483647;
			files = (
				682C2CA828649D6100F0E9F6 /* RSS_FeederTests.swift in Sources */,
			);
			runOnlyForDeploymentPostprocessing = 0;
		};
		682C2CA928649D6100F0E9F6 /* Sources */ = {
			isa = PBXSourcesBuildPhase;
			buildActionMask = 2147483647;
			files = (
				682C2CB428649D6100F0E9F6 /* RSS_FeederUITestsLaunchTests.swift in Sources */,
				682C2CB228649D6100F0E9F6 /* RSS_FeederUITests.swift in Sources */,
			);
			runOnlyForDeploymentPostprocessing = 0;
		};
/* End PBXSourcesBuildPhase section */

/* Begin PBXTargetDependency section */
		682C2CA528649D6100F0E9F6 /* PBXTargetDependency */ = {
			isa = PBXTargetDependency;
			target = 682C2C8D28649D5E00F0E9F6 /* RSS Feeder */;
			targetProxy = 682C2CA428649D6100F0E9F6 /* PBXContainerItemProxy */;
		};
		682C2CAF28649D6100F0E9F6 /* PBXTargetDependency */ = {
			isa = PBXTargetDependency;
			target = 682C2C8D28649D5E00F0E9F6 /* RSS Feeder */;
			targetProxy = 682C2CAE28649D6100F0E9F6 /* PBXContainerItemProxy */;
		};
/* End PBXTargetDependency section */

/* Begin XCBuildConfiguration section */
		682C2CB528649D6100F0E9F6 /* Debug */ = {
			isa = XCBuildConfiguration;
			buildSettings = {
				ALWAYS_SEARCH_USER_PATHS = NO;
				CLANG_ANALYZER_NONNULL = YES;
				CLANG_ANALYZER_NUMBER_OBJECT_CONVERSION = YES_AGGRESSIVE;
				CLANG_CXX_LANGUAGE_STANDARD = "gnu++17";
				CLANG_ENABLE_MODULES = YES;
				CLANG_ENABLE_OBJC_ARC = YES;
				CLANG_ENABLE_OBJC_WEAK = YES;
				CLANG_WARN_BLOCK_CAPTURE_AUTORELEASING = YES;
				CLANG_WARN_BOOL_CONVERSION = YES;
				CLANG_WARN_COMMA = YES;
				CLANG_WARN_CONSTANT_CONVERSION = YES;
				CLANG_WARN_DEPRECATED_OBJC_IMPLEMENTATIONS = YES;
				CLANG_WARN_DIRECT_OBJC_ISA_USAGE = YES_ERROR;
				CLANG_WARN_DOCUMENTATION_COMMENTS = YES;
				CLANG_WARN_EMPTY_BODY = YES;
				CLANG_WARN_ENUM_CONVERSION = YES;
				CLANG_WARN_INFINITE_RECURSION = YES;
				CLANG_WARN_INT_CONVERSION = YES;
				CLANG_WARN_NON_LITERAL_NULL_CONVERSION = YES;
				CLANG_WARN_OBJC_IMPLICIT_RETAIN_SELF = YES;
				CLANG_WARN_OBJC_LITERAL_CONVERSION = YES;
				CLANG_WARN_OBJC_ROOT_CLASS = YES_ERROR;
				CLANG_WARN_QUOTED_INCLUDE_IN_FRAMEWORK_HEADER = YES;
				CLANG_WARN_RANGE_LOOP_ANALYSIS = YES;
				CLANG_WARN_STRICT_PROTOTYPES = YES;
				CLANG_WARN_SUSPICIOUS_MOVE = YES;
				CLANG_WARN_UNGUARDED_AVAILABILITY = YES_AGGRESSIVE;
				CLANG_WARN_UNREACHABLE_CODE = YES;
				CLANG_WARN__DUPLICATE_METHOD_MATCH = YES;
				COPY_PHASE_STRIP = NO;
				DEBUG_INFORMATION_FORMAT = dwarf;
				ENABLE_STRICT_OBJC_MSGSEND = YES;
				ENABLE_TESTABILITY = YES;
				GCC_C_LANGUAGE_STANDARD = gnu11;
				GCC_DYNAMIC_NO_PIC = NO;
				GCC_NO_COMMON_BLOCKS = YES;
				GCC_OPTIMIZATION_LEVEL = 0;
				GCC_PREPROCESSOR_DEFINITIONS = (
					"DEBUG=1",
					"$(inherited)",
				);
				GCC_WARN_64_TO_32_BIT_CONVERSION = YES;
				GCC_WARN_ABOUT_RETURN_TYPE = YES_ERROR;
				GCC_WARN_UNDECLARED_SELECTOR = YES;
				GCC_WARN_UNINITIALIZED_AUTOS = YES_AGGRESSIVE;
				GCC_WARN_UNUSED_FUNCTION = YES;
				GCC_WARN_UNUSED_VARIABLE = YES;
				IPHONEOS_DEPLOYMENT_TARGET = 15.5;
				MTL_ENABLE_DEBUG_INFO = INCLUDE_SOURCE;
				MTL_FAST_MATH = YES;
				ONLY_ACTIVE_ARCH = YES;
				SDKROOT = iphoneos;
				SWIFT_ACTIVE_COMPILATION_CONDITIONS = DEBUG;
				SWIFT_OPTIMIZATION_LEVEL = "-Onone";
			};
			name = Debug;
		};
		682C2CB628649D6100F0E9F6 /* Release */ = {
			isa = XCBuildConfiguration;
			buildSettings = {
				ALWAYS_SEARCH_USER_PATHS = NO;
				CLANG_ANALYZER_NONNULL = YES;
				CLANG_ANALYZER_NUMBER_OBJECT_CONVERSION = YES_AGGRESSIVE;
				CLANG_CXX_LANGUAGE_STANDARD = "gnu++17";
				CLANG_ENABLE_MODULES = YES;
				CLANG_ENABLE_OBJC_ARC = YES;
				CLANG_ENABLE_OBJC_WEAK = YES;
				CLANG_WARN_BLOCK_CAPTURE_AUTORELEASING = YES;
				CLANG_WARN_BOOL_CONVERSION = YES;
				CLANG_WARN_COMMA = YES;
				CLANG_WARN_CONSTANT_CONVERSION = YES;
				CLANG_WARN_DEPRECATED_OBJC_IMPLEMENTATIONS = YES;
				CLANG_WARN_DIRECT_OBJC_ISA_USAGE = YES_ERROR;
				CLANG_WARN_DOCUMENTATION_COMMENTS = YES;
				CLANG_WARN_EMPTY_BODY = YES;
				CLANG_WARN_ENUM_CONVERSION = YES;
				CLANG_WARN_INFINITE_RECURSION = YES;
				CLANG_WARN_INT_CONVERSION = YES;
				CLANG_WARN_NON_LITERAL_NULL_CONVERSION = YES;
				CLANG_WARN_OBJC_IMPLICIT_RETAIN_SELF = YES;
				CLANG_WARN_OBJC_LITERAL_CONVERSION = YES;
				CLANG_WARN_OBJC_ROOT_CLASS = YES_ERROR;
				CLANG_WARN_QUOTED_INCLUDE_IN_FRAMEWORK_HEADER = YES;
				CLANG_WARN_RANGE_LOOP_ANALYSIS = YES;
				CLANG_WARN_STRICT_PROTOTYPES = YES;
				CLANG_WARN_SUSPICIOUS_MOVE = YES;
				CLANG_WARN_UNGUARDED_AVAILABILITY = YES_AGGRESSIVE;
				CLANG_WARN_UNREACHABLE_CODE = YES;
				CLANG_WARN__DUPLICATE_METHOD_MATCH = YES;
				COPY_PHASE_STRIP = NO;
				DEBUG_INFORMATION_FORMAT = "dwarf-with-dsym";
				ENABLE_NS_ASSERTIONS = NO;
				ENABLE_STRICT_OBJC_MSGSEND = YES;
				GCC_C_LANGUAGE_STANDARD = gnu11;
				GCC_NO_COMMON_BLOCKS = YES;
				GCC_WARN_64_TO_32_BIT_CONVERSION = YES;
				GCC_WARN_ABOUT_RETURN_TYPE = YES_ERROR;
				GCC_WARN_UNDECLARED_SELECTOR = YES;
				GCC_WARN_UNINITIALIZED_AUTOS = YES_AGGRESSIVE;
				GCC_WARN_UNUSED_FUNCTION = YES;
				GCC_WARN_UNUSED_VARIABLE = YES;
				IPHONEOS_DEPLOYMENT_TARGET = 15.5;
				MTL_ENABLE_DEBUG_INFO = NO;
				MTL_FAST_MATH = YES;
				SDKROOT = iphoneos;
				SWIFT_COMPILATION_MODE = wholemodule;
				SWIFT_OPTIMIZATION_LEVEL = "-O";
				VALIDATE_PRODUCT = YES;
			};
			name = Release;
		};
		682C2CB828649D6100F0E9F6 /* Debug */ = {
			isa = XCBuildConfiguration;
			buildSettings = {
				ASSETCATALOG_COMPILER_APPICON_NAME = AppIcon;
				ASSETCATALOG_COMPILER_GLOBAL_ACCENT_COLOR_NAME = AccentColor;
				CODE_SIGN_STYLE = Automatic;
				CURRENT_PROJECT_VERSION = 1;
				DEVELOPMENT_ASSET_PATHS = "\"RSS Feeder/Preview Content\"";
				ENABLE_PREVIEWS = YES;
				GENERATE_INFOPLIST_FILE = YES;
				INFOPLIST_KEY_UIApplicationSceneManifest_Generation = YES;
				INFOPLIST_KEY_UIApplicationSupportsIndirectInputEvents = YES;
				INFOPLIST_KEY_UILaunchScreen_Generation = YES;
				INFOPLIST_KEY_UISupportedInterfaceOrientations_iPad = "UIInterfaceOrientationPortrait UIInterfaceOrientationPortraitUpsideDown UIInterfaceOrientationLandscapeLeft UIInterfaceOrientationLandscapeRight";
				INFOPLIST_KEY_UISupportedInterfaceOrientations_iPhone = "UIInterfaceOrientationPortrait UIInterfaceOrientationLandscapeLeft UIInterfaceOrientationLandscapeRight";
				LD_RUNPATH_SEARCH_PATHS = (
					"$(inherited)",
					"@executable_path/Frameworks",
				);
				MARKETING_VERSION = 1.0;
				PRODUCT_BUNDLE_IDENTIFIER = "yaak-1991.RSS-Feeder";
				PRODUCT_NAME = "$(TARGET_NAME)";
				SWIFT_EMIT_LOC_STRINGS = YES;
				SWIFT_VERSION = 5.0;
				TARGETED_DEVICE_FAMILY = "1,2";
			};
			name = Debug;
		};
		682C2CB928649D6100F0E9F6 /* Release */ = {
			isa = XCBuildConfiguration;
			buildSettings = {
				ASSETCATALOG_COMPILER_APPICON_NAME = AppIcon;
				ASSETCATALOG_COMPILER_GLOBAL_ACCENT_COLOR_NAME = AccentColor;
				CODE_SIGN_STYLE = Automatic;
				CURRENT_PROJECT_VERSION = 1;
				DEVELOPMENT_ASSET_PATHS = "\"RSS Feeder/Preview Content\"";
				ENABLE_PREVIEWS = YES;
				GENERATE_INFOPLIST_FILE = YES;
				INFOPLIST_KEY_UIApplicationSceneManifest_Generation = YES;
				INFOPLIST_KEY_UIApplicationSupportsIndirectInputEvents = YES;
				INFOPLIST_KEY_UILaunchScreen_Generation = YES;
				INFOPLIST_KEY_UISupportedInterfaceOrientations_iPad = "UIInterfaceOrientationPortrait UIInterfaceOrientationPortraitUpsideDown UIInterfaceOrientationLandscapeLeft UIInterfaceOrientationLandscapeRight";
				INFOPLIST_KEY_UISupportedInterfaceOrientations_iPhone = "UIInterfaceOrientationPortrait UIInterfaceOrientationLandscapeLeft UIInterfaceOrientationLandscapeRight";
				LD_RUNPATH_SEARCH_PATHS = (
					"$(inherited)",
					"@executable_path/Frameworks",
				);
				MARKETING_VERSION = 1.0;
				PRODUCT_BUNDLE_IDENTIFIER = "yaak-1991.RSS-Feeder";
				PRODUCT_NAME = "$(TARGET_NAME)";
				SWIFT_EMIT_LOC_STRINGS = YES;
				SWIFT_VERSION = 5.0;
				TARGETED_DEVICE_FAMILY = "1,2";
			};
			name = Release;
		};
		682C2CBB28649D6100F0E9F6 /* Debug */ = {
			isa = XCBuildConfiguration;
			buildSettings = {
				ALWAYS_EMBED_SWIFT_STANDARD_LIBRARIES = YES;
				BUNDLE_LOADER = "$(TEST_HOST)";
				CODE_SIGN_STYLE = Automatic;
				CURRENT_PROJECT_VERSION = 1;
				GENERATE_INFOPLIST_FILE = YES;
				IPHONEOS_DEPLOYMENT_TARGET = 15.5;
				MARKETING_VERSION = 1.0;
				PRODUCT_BUNDLE_IDENTIFIER = "yaak-1991.RSS-FeederTests";
				PRODUCT_NAME = "$(TARGET_NAME)";
				SWIFT_EMIT_LOC_STRINGS = NO;
				SWIFT_VERSION = 5.0;
				TARGETED_DEVICE_FAMILY = "1,2";
				TEST_HOST = "$(BUILT_PRODUCTS_DIR)/RSS Feeder.app/RSS Feeder";
			};
			name = Debug;
		};
		682C2CBC28649D6100F0E9F6 /* Release */ = {
			isa = XCBuildConfiguration;
			buildSettings = {
				ALWAYS_EMBED_SWIFT_STANDARD_LIBRARIES = YES;
				BUNDLE_LOADER = "$(TEST_HOST)";
				CODE_SIGN_STYLE = Automatic;
				CURRENT_PROJECT_VERSION = 1;
				GENERATE_INFOPLIST_FILE = YES;
				IPHONEOS_DEPLOYMENT_TARGET = 15.5;
				MARKETING_VERSION = 1.0;
				PRODUCT_BUNDLE_IDENTIFIER = "yaak-1991.RSS-FeederTests";
				PRODUCT_NAME = "$(TARGET_NAME)";
				SWIFT_EMIT_LOC_STRINGS = NO;
				SWIFT_VERSION = 5.0;
				TARGETED_DEVICE_FAMILY = "1,2";
				TEST_HOST = "$(BUILT_PRODUCTS_DIR)/RSS Feeder.app/RSS Feeder";
			};
			name = Release;
		};
		682C2CBE28649D6100F0E9F6 /* Debug */ = {
			isa = XCBuildConfiguration;
			buildSettings = {
				ALWAYS_EMBED_SWIFT_STANDARD_LIBRARIES = YES;
				CODE_SIGN_STYLE = Automatic;
				CURRENT_PROJECT_VERSION = 1;
				GENERATE_INFOPLIST_FILE = YES;
				MARKETING_VERSION = 1.0;
				PRODUCT_BUNDLE_IDENTIFIER = "yaak-1991.RSS-FeederUITests";
				PRODUCT_NAME = "$(TARGET_NAME)";
				SWIFT_EMIT_LOC_STRINGS = NO;
				SWIFT_VERSION = 5.0;
				TARGETED_DEVICE_FAMILY = "1,2";
				TEST_TARGET_NAME = "RSS Feeder";
			};
			name = Debug;
		};
		682C2CBF28649D6100F0E9F6 /* Release */ = {
			isa = XCBuildConfiguration;
			buildSettings = {
				ALWAYS_EMBED_SWIFT_STANDARD_LIBRARIES = YES;
				CODE_SIGN_STYLE = Automatic;
				CURRENT_PROJECT_VERSION = 1;
				GENERATE_INFOPLIST_FILE = YES;
				MARKETING_VERSION = 1.0;
				PRODUCT_BUNDLE_IDENTIFIER = "yaak-1991.RSS-FeederUITests";
				PRODUCT_NAME = "$(TARGET_NAME)";
				SWIFT_EMIT_LOC_STRINGS = NO;
				SWIFT_VERSION = 5.0;
				TARGETED_DEVICE_FAMILY = "1,2";
				TEST_TARGET_NAME = "RSS Feeder";
			};
			name = Release;
		};
/* End XCBuildConfiguration section */

/* Begin XCConfigurationList section */
		682C2C8928649D5E00F0E9F6 /* Build configuration list for PBXProject "RSS Feeder" */ = {
			isa = XCConfigurationList;
			buildConfigurations = (
				682C2CB528649D6100F0E9F6 /* Debug */,
				682C2CB628649D6100F0E9F6 /* Release */,
			);
			defaultConfigurationIsVisible = 0;
			defaultConfigurationName = Release;
		};
		682C2CB728649D6100F0E9F6 /* Build configuration list for PBXNativeTarget "RSS Feeder" */ = {
			isa = XCConfigurationList;
			buildConfigurations = (
				682C2CB828649D6100F0E9F6 /* Debug */,
				682C2CB928649D6100F0E9F6 /* Release */,
			);
			defaultConfigurationIsVisible = 0;
			defaultConfigurationName = Release;
		};
		682C2CBA28649D6100F0E9F6 /* Build configuration list for PBXNativeTarget "RSS FeederTests" */ = {
			isa = XCConfigurationList;
			buildConfigurations = (
				682C2CBB28649D6100F0E9F6 /* Debug */,
				682C2CBC28649D6100F0E9F6 /* Release */,
			);
			defaultConfigurationIsVisible = 0;
			defaultConfigurationName = Release;
		};
		682C2CBD28649D6100F0E9F6 /* Build configuration list for PBXNativeTarget "RSS FeederUITests" */ = {
			isa = XCConfigurationList;
			buildConfigurations = (
				682C2CBE28649D6100F0E9F6 /* Debug */,
				682C2CBF28649D6100F0E9F6 /* Release */,
			);
			defaultConfigurationIsVisible = 0;
			defaultConfigurationName = Release;
		};
/* End XCConfigurationList section */

/* Begin XCVersionGroup section */
		682C2C9C28649D6000F0E9F6 /* RSS_Feeder.xcdatamodeld */ = {
			isa = XCVersionGroup;
			children = (
				682C2C9D28649D6000F0E9F6 /* RSS_Feeder.xcdatamodel */,
			);
			currentVersion = 682C2C9D28649D6000F0E9F6 /* RSS_Feeder.xcdatamodel */;
			path = RSS_Feeder.xcdatamodeld;
			sourceTree = "<group>";
			versionGroupType = wrapper.xcdatamodel;
		};
		68D58C3A28794E9000ADDCB0 /* Bookmark.xcdatamodeld */ = {
			isa = XCVersionGroup;
			children = (
				68D58C3B28794E9000ADDCB0 /* Bookmark.xcdatamodel */,
			);
			currentVersion = 68D58C3B28794E9000ADDCB0 /* Bookmark.xcdatamodel */;
			path = Bookmark.xcdatamodeld;
			sourceTree = "<group>";
			versionGroupType = wrapper.xcdatamodel;
		};
/* End XCVersionGroup section */
	};
	rootObject = 682C2C8628649D5E00F0E9F6 /* Project object */;
}
